
Microsoft Visual Studio Solution File, Format Version 12.00
# Visual Studio Version 17
VisualStudioVersion = 17.2.32519.379
MinimumVisualStudioVersion = 10.0.40219.1
Project("{8BC9CEB8-8B4A-11D0-8D11-00A0C91BC942}") = "AOEHack", "AOEHack\AOEHack.vcxproj", "{41723507-3D71-428E-B946-0AC0F365A3BA}"
EndProject
Project("{8BC9CEB8-8B4A-11D0-8D11-00A0C91BC942}") = "DLL", "DLL\DLL.vcxproj", "{30E66D11-A89C-4077-844F-B02223650030}"
EndProject
Global
	GlobalSection(SolutionConfigurationPlatforms) = preSolution
		Debug|x64 = Debug|x64
		Debug|x86 = Debug|x86
		Release|x64 = Release|x64
		Release|x86 = Release|x86
	EndGlobalSection
	GlobalSection(ProjectConfigurationPlatforms) = postSolution
		{41723507-3D71-428E-B946-0AC0F365A3BA}.Debug|x64.ActiveCfg = Debug|x64
		{41723507-3D71-428E-B946-0AC0F365A3BA}.Debug|x64.Build.0 = Debug|x64
		{41723507-3D71-428E-B946-0AC0F365A3BA}.Debug|x86.ActiveCfg = Debug|Win32
		{41723507-3D71-428E-B946-0AC0F365A3BA}.Debug|x86.Build.0 = Debug|Win32
		{41723507-3D71-428E-B946-0AC0F365A3BA}.Release|x64.ActiveCfg = Release|x64
		{41723507-3D71-428E-B946-0AC0F365A3BA}.Release|x64.Build.0 = Release|x64
		{41723507-3D71-428E-B946-0AC0F365A3BA}.Release|x86.ActiveCfg = Release|Win32
		{41723507-3D71-428E-B946-0AC0F365A3BA}.Release|x86.Build.0 = Release|Win32
		{30E66D11-A89C-4077-844F-B02223650030}.Debug|x64.ActiveCfg = Debug|x64
		{30E66D11-A89C-4077-844F-B02223650030}.Debug|x64.Build.0 = Debug|x64
		{30E66D11-A89C-4077-844F-B02223650030}.Debug|x86.ActiveCfg = Debug|Win32
		{30E66D11-A89C-4077-844F-B02223650030}.Debug|x86.Build.0 = Debug|Win32
		{30E66D11-A89C-4077-844F-B02223650030}.Release|x64.ActiveCfg = Release|x64
		{30E66D11-A89C-4077-844F-B02223650030}.Release|x64.Build.0 = Release|x64
		{30E66D11-A89C-4077-844F-B02223650030}.Release|x86.ActiveCfg = Release|Win32
		{30E66D11-A89C-4077-844F-B02223650030}.Release|x86.Build.0 = Release|Win32
	EndGlobalSection
	GlobalSection(SolutionProperties) = preSolution
		HideSolutionNode = FALSE
	EndGlobalSection
	GlobalSection(ExtensibilityGlobals) = postSolution
		SolutionGuid = {18BA6ABB-6F9B-4302-8866-9F83BF255C82}
	EndGlobalSection
EndGlobal
